// !$*UTF8*$!
{
	archiveVersion = 1;
	classes = {
	};
	objectVersion = 56;
	objects = {

/* Begin PBXBuildFile section */
		1E410C3A294866D10007B4ED /* AppDelegate.swift in Sources */ = {isa = PBXBuildFile; fileRef = 1E410C39294866D10007B4ED /* AppDelegate.swift */; };
		1E410C3C294866D10007B4ED /* SceneDelegate.swift in Sources */ = {isa = PBXBuildFile; fileRef = 1E410C3B294866D10007B4ED /* SceneDelegate.swift */; };
		1E410C3E294866D10007B4ED /* ViewController.swift in Sources */ = {isa = PBXBuildFile; fileRef = 1E410C3D294866D10007B4ED /* ViewController.swift */; };
		1E410C43294866D20007B4ED /* Assets.xcassets in Resources */ = {isa = PBXBuildFile; fileRef = 1E410C42294866D20007B4ED /* Assets.xcassets */; };
		1E410C46294866D20007B4ED /* LaunchScreen.storyboard in Resources */ = {isa = PBXBuildFile; fileRef = 1E410C44294866D20007B4ED /* LaunchScreen.storyboard */; };
		1E410C52294868980007B4ED /* ProductListViewController.swift in Sources */ = {isa = PBXBuildFile; fileRef = 1E410C51294868980007B4ED /* ProductListViewController.swift */; };
		1E410C5429486A3D0007B4ED /* ProductListViewController.xib in Resources */ = {isa = PBXBuildFile; fileRef = 1E410C5329486A3D0007B4ED /* ProductListViewController.xib */; };
		1E78E46B2948AE5E0014630F /* ProductDetailBuilder.swift in Sources */ = {isa = PBXBuildFile; fileRef = 1E78E46A2948AE5E0014630F /* ProductDetailBuilder.swift */; };
		1EA9340F29486BF9008385AB /* DefaultNetworkOperationPackage in Frameworks */ = {isa = PBXBuildFile; productRef = 1EA9340E29486BF9008385AB /* DefaultNetworkOperationPackage */; };
		1EA9341529486CD6008385AB /* ProductListServiceProvider.swift in Sources */ = {isa = PBXBuildFile; fileRef = 1EA9341429486CD6008385AB /* ProductListServiceProvider.swift */; };
		1EA9341929486D15008385AB /* EmptyRequestModel.swift in Sources */ = {isa = PBXBuildFile; fileRef = 1EA9341829486D15008385AB /* EmptyRequestModel.swift */; };
		1EA9341B29486D61008385AB /* ProductListResponseModel.swift in Sources */ = {isa = PBXBuildFile; fileRef = 1EA9341A29486D61008385AB /* ProductListResponseModel.swift */; };
		1EA9341E29486E76008385AB /* EndpointManager.swift in Sources */ = {isa = PBXBuildFile; fileRef = 1EA9341D29486E76008385AB /* EndpointManager.swift */; };
		1EA9342029486E8D008385AB /* GenericValueProtocol.swift in Sources */ = {isa = PBXBuildFile; fileRef = 1EA9341F29486E8D008385AB /* GenericValueProtocol.swift */; };
		1EA9342529486F0D008385AB /* ProductListViewModel.swift in Sources */ = {isa = PBXBuildFile; fileRef = 1EA9342429486F0D008385AB /* ProductListViewModel.swift */; };
		1EA9342829487108008385AB /* ProductListBuilder.swift in Sources */ = {isa = PBXBuildFile; fileRef = 1EA9342729487108008385AB /* ProductListBuilder.swift */; };
		1EA9342E294876F7008385AB /* ProductListTableViewCell.xib in Resources */ = {isa = PBXBuildFile; fileRef = 1EA9342D294876F7008385AB /* ProductListTableViewCell.xib */; };
		1EA934302948770C008385AB /* ProductListTableViewCell.swift in Sources */ = {isa = PBXBuildFile; fileRef = 1EA9342F2948770C008385AB /* ProductListTableViewCell.swift */; };
		1EA934322948812B008385AB /* UITableView+Extensions.swift in Sources */ = {isa = PBXBuildFile; fileRef = 1EA934312948812B008385AB /* UITableView+Extensions.swift */; };
		1EA93435294882DA008385AB /* ProductListDataFormatter.swift in Sources */ = {isa = PBXBuildFile; fileRef = 1EA93434294882DA008385AB /* ProductListDataFormatter.swift */; };
		1EA9343829488ABC008385AB /* String+Extension.swift in Sources */ = {isa = PBXBuildFile; fileRef = 1EA9343729488ABC008385AB /* String+Extension.swift */; };
		1EA9343C2948949F008385AB /* Kingfisher in Frameworks */ = {isa = PBXBuildFile; productRef = 1EA9343B2948949F008385AB /* Kingfisher */; };
		1EA9344129489602008385AB /* CustomImageViewComponentData.swift in Sources */ = {isa = PBXBuildFile; fileRef = 1EA9343E29489602008385AB /* CustomImageViewComponentData.swift */; };
		1EA9344229489602008385AB /* CustomImageViewComponent.swift in Sources */ = {isa = PBXBuildFile; fileRef = 1EA9343F29489602008385AB /* CustomImageViewComponent.swift */; };
		1EA9344329489602008385AB /* CustomImageViewComponentContainer.swift in Sources */ = {isa = PBXBuildFile; fileRef = 1EA9344029489602008385AB /* CustomImageViewComponentContainer.swift */; };
		1EA9344729489622008385AB /* ImageCacheManager.swift in Sources */ = {isa = PBXBuildFile; fileRef = 1EA9344629489622008385AB /* ImageCacheManager.swift */; };
		1EA9344B29489685008385AB /* BaseComponents in Frameworks */ = {isa = PBXBuildFile; productRef = 1EA9344A29489685008385AB /* BaseComponents */; };
		1EA9344E29489EE0008385AB /* ProductDetailViewController.swift in Sources */ = {isa = PBXBuildFile; fileRef = 1EA9344D29489EE0008385AB /* ProductDetailViewController.swift */; };
		1EA9345129489F11008385AB /* TableViewHeaderView.swift in Sources */ = {isa = PBXBuildFile; fileRef = 1EA9345029489F11008385AB /* TableViewHeaderView.swift */; };
		1EA934542948A252008385AB /* TableViewFooter.swift in Sources */ = {isa = PBXBuildFile; fileRef = 1EA934532948A252008385AB /* TableViewFooter.swift */; };
		1EA934562948A86A008385AB /* ProductDetailViewModel.swift in Sources */ = {isa = PBXBuildFile; fileRef = 1EA934552948A86A008385AB /* ProductDetailViewModel.swift */; };
		1EA934582948A8B6008385AB /* ProductDetailViewController.xib in Resources */ = {isa = PBXBuildFile; fileRef = 1EA934572948A8B6008385AB /* ProductDetailViewController.xib */; };
		1EE352A72948B6FF004C56CD /* Date+Extension.swift in Sources */ = {isa = PBXBuildFile; fileRef = 1EE352A62948B6FF004C56CD /* Date+Extension.swift */; };
		1EE352A92948B7A2004C56CD /* Int+Extension.swift in Sources */ = {isa = PBXBuildFile; fileRef = 1EE352A82948B7A2004C56CD /* Int+Extension.swift */; };
/* End PBXBuildFile section */

/* Begin PBXFileReference section */
		1E410C36294866D10007B4ED /* Check24CodeCase.app */ = {isa = PBXFileReference; explicitFileType = wrapper.application; includeInIndex = 0; path = Check24CodeCase.app; sourceTree = BUILT_PRODUCTS_DIR; };
		1E410C39294866D10007B4ED /* AppDelegate.swift */ = {isa = PBXFileReference; lastKnownFileType = sourcecode.swift; path = AppDelegate.swift; sourceTree = "<group>"; };
		1E410C3B294866D10007B4ED /* SceneDelegate.swift */ = {isa = PBXFileReference; lastKnownFileType = sourcecode.swift; path = SceneDelegate.swift; sourceTree = "<group>"; };
		1E410C3D294866D10007B4ED /* ViewController.swift */ = {isa = PBXFileReference; lastKnownFileType = sourcecode.swift; path = ViewController.swift; sourceTree = "<group>"; };
		1E410C42294866D20007B4ED /* Assets.xcassets */ = {isa = PBXFileReference; lastKnownFileType = folder.assetcatalog; path = Assets.xcassets; sourceTree = "<group>"; };
		1E410C45294866D20007B4ED /* Base */ = {isa = PBXFileReference; lastKnownFileType = file.storyboard; name = Base; path = Base.lproj/LaunchScreen.storyboard; sourceTree = "<group>"; };
		1E410C47294866D20007B4ED /* Info.plist */ = {isa = PBXFileReference; lastKnownFileType = text.plist.xml; path = Info.plist; sourceTree = "<group>"; };
		1E410C4F2948681E0007B4ED /* DefaultNetworkOperationPackage */ = {isa = PBXFileReference; lastKnownFileType = wrapper; path = DefaultNetworkOperationPackage; sourceTree = "<group>"; };
		1E410C51294868980007B4ED /* ProductListViewController.swift */ = {isa = PBXFileReference; lastKnownFileType = sourcecode.swift; path = ProductListViewController.swift; sourceTree = "<group>"; };
		1E410C5329486A3D0007B4ED /* ProductListViewController.xib */ = {isa = PBXFileReference; lastKnownFileType = file.xib; path = ProductListViewController.xib; sourceTree = "<group>"; };
		1E78E46A2948AE5E0014630F /* ProductDetailBuilder.swift */ = {isa = PBXFileReference; lastKnownFileType = sourcecode.swift; path = ProductDetailBuilder.swift; sourceTree = "<group>"; };
		1EA9341429486CD6008385AB /* ProductListServiceProvider.swift */ = {isa = PBXFileReference; lastKnownFileType = sourcecode.swift; path = ProductListServiceProvider.swift; sourceTree = "<group>"; };
		1EA9341829486D15008385AB /* EmptyRequestModel.swift */ = {isa = PBXFileReference; lastKnownFileType = sourcecode.swift; path = EmptyRequestModel.swift; sourceTree = "<group>"; };
		1EA9341A29486D61008385AB /* ProductListResponseModel.swift */ = {isa = PBXFileReference; lastKnownFileType = sourcecode.swift; path = ProductListResponseModel.swift; sourceTree = "<group>"; };
		1EA9341D29486E76008385AB /* EndpointManager.swift */ = {isa = PBXFileReference; lastKnownFileType = sourcecode.swift; path = EndpointManager.swift; sourceTree = "<group>"; };
		1EA9341F29486E8D008385AB /* GenericValueProtocol.swift */ = {isa = PBXFileReference; lastKnownFileType = sourcecode.swift; path = GenericValueProtocol.swift; sourceTree = "<group>"; };
		1EA9342429486F0D008385AB /* ProductListViewModel.swift */ = {isa = PBXFileReference; lastKnownFileType = sourcecode.swift; path = ProductListViewModel.swift; sourceTree = "<group>"; };
		1EA9342729487108008385AB /* ProductListBuilder.swift */ = {isa = PBXFileReference; lastKnownFileType = sourcecode.swift; path = ProductListBuilder.swift; sourceTree = "<group>"; };
		1EA9342D294876F7008385AB /* ProductListTableViewCell.xib */ = {isa = PBXFileReference; lastKnownFileType = file.xib; path = ProductListTableViewCell.xib; sourceTree = "<group>"; };
		1EA9342F2948770C008385AB /* ProductListTableViewCell.swift */ = {isa = PBXFileReference; lastKnownFileType = sourcecode.swift; path = ProductListTableViewCell.swift; sourceTree = "<group>"; };
		1EA934312948812B008385AB /* UITableView+Extensions.swift */ = {isa = PBXFileReference; lastKnownFileType = sourcecode.swift; path = "UITableView+Extensions.swift"; sourceTree = "<group>"; };
		1EA93434294882DA008385AB /* ProductListDataFormatter.swift */ = {isa = PBXFileReference; lastKnownFileType = sourcecode.swift; path = ProductListDataFormatter.swift; sourceTree = "<group>"; };
		1EA9343729488ABC008385AB /* String+Extension.swift */ = {isa = PBXFileReference; lastKnownFileType = sourcecode.swift; path = "String+Extension.swift"; sourceTree = "<group>"; };
		1EA9343E29489602008385AB /* CustomImageViewComponentData.swift */ = {isa = PBXFileReference; fileEncoding = 4; lastKnownFileType = sourcecode.swift; path = CustomImageViewComponentData.swift; sourceTree = "<group>"; };
		1EA9343F29489602008385AB /* CustomImageViewComponent.swift */ = {isa = PBXFileReference; fileEncoding = 4; lastKnownFileType = sourcecode.swift; path = CustomImageViewComponent.swift; sourceTree = "<group>"; };
		1EA9344029489602008385AB /* CustomImageViewComponentContainer.swift */ = {isa = PBXFileReference; fileEncoding = 4; lastKnownFileType = sourcecode.swift; path = CustomImageViewComponentContainer.swift; sourceTree = "<group>"; };
		1EA9344629489622008385AB /* ImageCacheManager.swift */ = {isa = PBXFileReference; fileEncoding = 4; lastKnownFileType = sourcecode.swift; path = ImageCacheManager.swift; sourceTree = "<group>"; };
		1EA934492948967A008385AB /* BaseComponents */ = {isa = PBXFileReference; lastKnownFileType = wrapper; path = BaseComponents; sourceTree = "<group>"; };
		1EA9344D29489EE0008385AB /* ProductDetailViewController.swift */ = {isa = PBXFileReference; lastKnownFileType = sourcecode.swift; path = ProductDetailViewController.swift; sourceTree = "<group>"; };
		1EA9345029489F11008385AB /* TableViewHeaderView.swift */ = {isa = PBXFileReference; lastKnownFileType = sourcecode.swift; path = TableViewHeaderView.swift; sourceTree = "<group>"; };
		1EA934532948A252008385AB /* TableViewFooter.swift */ = {isa = PBXFileReference; lastKnownFileType = sourcecode.swift; path = TableViewFooter.swift; sourceTree = "<group>"; };
		1EA934552948A86A008385AB /* ProductDetailViewModel.swift */ = {isa = PBXFileReference; lastKnownFileType = sourcecode.swift; path = ProductDetailViewModel.swift; sourceTree = "<group>"; };
		1EA934572948A8B6008385AB /* ProductDetailViewController.xib */ = {isa = PBXFileReference; lastKnownFileType = file.xib; path = ProductDetailViewController.xib; sourceTree = "<group>"; };
		1EE352A62948B6FF004C56CD /* Date+Extension.swift */ = {isa = PBXFileReference; lastKnownFileType = sourcecode.swift; path = "Date+Extension.swift"; sourceTree = "<group>"; };
		1EE352A82948B7A2004C56CD /* Int+Extension.swift */ = {isa = PBXFileReference; lastKnownFileType = sourcecode.swift; path = "Int+Extension.swift"; sourceTree = "<group>"; };
/* End PBXFileReference section */

/* Begin PBXFrameworksBuildPhase section */
		1E410C33294866D10007B4ED /* Frameworks */ = {
			isa = PBXFrameworksBuildPhase;
			buildActionMask = 2147483647;
			files = (
				1EA9343C2948949F008385AB /* Kingfisher in Frameworks */,
				1EA9340F29486BF9008385AB /* DefaultNetworkOperationPackage in Frameworks */,
				1EA9344B29489685008385AB /* BaseComponents in Frameworks */,
			);
			runOnlyForDeploymentPostprocessing = 0;
		};
/* End PBXFrameworksBuildPhase section */

/* Begin PBXGroup section */
		1E410C2D294866D10007B4ED = {
			isa = PBXGroup;
			children = (
				1E410C4D294867830007B4ED /* Packages */,
				1E410C38294866D10007B4ED /* Check24CodeCase */,
				1E410C37294866D10007B4ED /* Products */,
				1EA9340D29486BF9008385AB /* Frameworks */,
			);
			sourceTree = "<group>";
		};
		1E410C37294866D10007B4ED /* Products */ = {
			isa = PBXGroup;
			children = (
				1E410C36294866D10007B4ED /* Check24CodeCase.app */,
			);
			name = Products;
			sourceTree = "<group>";
		};
		1E410C38294866D10007B4ED /* Check24CodeCase */ = {
			isa = PBXGroup;
			children = (
				1E410C39294866D10007B4ED /* AppDelegate.swift */,
				1E410C3B294866D10007B4ED /* SceneDelegate.swift */,
				1EA9341C29486E6C008385AB /* Utils */,
				1EA9341329486CBD008385AB /* DataOperations */,
				1E410C50294868770007B4ED /* Scenes */,
				1E410C3D294866D10007B4ED /* ViewController.swift */,
				1E410C42294866D20007B4ED /* Assets.xcassets */,
				1E410C44294866D20007B4ED /* LaunchScreen.storyboard */,
				1E410C47294866D20007B4ED /* Info.plist */,
			);
			path = Check24CodeCase;
			sourceTree = "<group>";
		};
		1E410C4D294867830007B4ED /* Packages */ = {
			isa = PBXGroup;
			children = (
				1EA934492948967A008385AB /* BaseComponents */,
				1E410C4F2948681E0007B4ED /* DefaultNetworkOperationPackage */,
			);
			path = Packages;
			sourceTree = "<group>";
		};
		1E410C50294868770007B4ED /* Scenes */ = {
			isa = PBXGroup;
			children = (
				1EA9344C29489ED3008385AB /* ProductDetail */,
				1EA93439294891AF008385AB /* ProductList */,
			);
			path = Scenes;
			sourceTree = "<group>";
		};
		1EA9340D29486BF9008385AB /* Frameworks */ = {
			isa = PBXGroup;
			children = (
			);
			name = Frameworks;
			sourceTree = "<group>";
		};
		1EA9341029486C95008385AB /* View */ = {
			isa = PBXGroup;
			children = (
				1EA93429294874DC008385AB /* Components */,
				1E410C51294868980007B4ED /* ProductListViewController.swift */,
				1E410C5329486A3D0007B4ED /* ProductListViewController.xib */,
			);
			path = View;
			sourceTree = "<group>";
		};
		1EA9341129486C9C008385AB /* ViewModel */ = {
			isa = PBXGroup;
			children = (
				1EA9342429486F0D008385AB /* ProductListViewModel.swift */,
			);
			path = ViewModel;
			sourceTree = "<group>";
		};
		1EA9341329486CBD008385AB /* DataOperations */ = {
			isa = PBXGroup;
			children = (
				1EA9341729486D09008385AB /* RequestModels */,
				1EA9341629486D04008385AB /* ResponseModels */,
				1EA9342329486EFA008385AB /* ServiceProviders */,
			);
			path = DataOperations;
			sourceTree = "<group>";
		};
		1EA9341629486D04008385AB /* ResponseModels */ = {
			isa = PBXGroup;
			children = (
				1EA9341A29486D61008385AB /* ProductListResponseModel.swift */,
			);
			path = ResponseModels;
			sourceTree = "<group>";
		};
		1EA9341729486D09008385AB /* RequestModels */ = {
			isa = PBXGroup;
			children = (
				1EA9341829486D15008385AB /* EmptyRequestModel.swift */,
			);
			path = RequestModels;
			sourceTree = "<group>";
		};
		1EA9341C29486E6C008385AB /* Utils */ = {
			isa = PBXGroup;
			children = (
				1EA9344629489622008385AB /* ImageCacheManager.swift */,
				1EA9343D294895F3008385AB /* CustomImageViewComponent */,
				1EA9342129486E93008385AB /* EndpointManager */,
				1EA9342229486E9C008385AB /* DataProcotols */,
				1EA9343629488AB0008385AB /* Extensions */,
			);
			path = Utils;
			sourceTree = "<group>";
		};
		1EA9342129486E93008385AB /* EndpointManager */ = {
			isa = PBXGroup;
			children = (
				1EA9341D29486E76008385AB /* EndpointManager.swift */,
			);
			path = EndpointManager;
			sourceTree = "<group>";
		};
		1EA9342229486E9C008385AB /* DataProcotols */ = {
			isa = PBXGroup;
			children = (
				1EA9341F29486E8D008385AB /* GenericValueProtocol.swift */,
			);
			path = DataProcotols;
			sourceTree = "<group>";
		};
		1EA9342329486EFA008385AB /* ServiceProviders */ = {
			isa = PBXGroup;
			children = (
				1EA9341429486CD6008385AB /* ProductListServiceProvider.swift */,
			);
			path = ServiceProviders;
			sourceTree = "<group>";
		};
		1EA93426294870FC008385AB /* Builder */ = {
			isa = PBXGroup;
			children = (
				1EA9342729487108008385AB /* ProductListBuilder.swift */,
			);
			path = Builder;
			sourceTree = "<group>";
		};
		1EA93429294874DC008385AB /* Components */ = {
			isa = PBXGroup;
			children = (
				1EA934522948A243008385AB /* TableViewFooter */,
				1EA9344F29489F04008385AB /* TableViewHeader */,
				1EA9342A29487688008385AB /* TableViewCell */,
			);
			path = Components;
			sourceTree = "<group>";
		};
		1EA9342A29487688008385AB /* TableViewCell */ = {
			isa = PBXGroup;
			children = (
				1EA9342D294876F7008385AB /* ProductListTableViewCell.xib */,
				1EA9342F2948770C008385AB /* ProductListTableViewCell.swift */,
			);
			path = TableViewCell;
			sourceTree = "<group>";
		};
		1EA93433294882CC008385AB /* DataFormatter */ = {
			isa = PBXGroup;
			children = (
				1EA93434294882DA008385AB /* ProductListDataFormatter.swift */,
			);
			path = DataFormatter;
			sourceTree = "<group>";
		};
		1EA9343629488AB0008385AB /* Extensions */ = {
			isa = PBXGroup;
			children = (
				1EA934312948812B008385AB /* UITableView+Extensions.swift */,
				1EA9343729488ABC008385AB /* String+Extension.swift */,
				1EE352A62948B6FF004C56CD /* Date+Extension.swift */,
				1EE352A82948B7A2004C56CD /* Int+Extension.swift */,
			);
			path = Extensions;
			sourceTree = "<group>";
		};
		1EA93439294891AF008385AB /* ProductList */ = {
			isa = PBXGroup;
			children = (
				1EA93433294882CC008385AB /* DataFormatter */,
				1EA93426294870FC008385AB /* Builder */,
				1EA9341129486C9C008385AB /* ViewModel */,
				1EA9341029486C95008385AB /* View */,
			);
			path = ProductList;
			sourceTree = "<group>";
		};
		1EA9343D294895F3008385AB /* CustomImageViewComponent */ = {
			isa = PBXGroup;
			children = (
				1EA9343F29489602008385AB /* CustomImageViewComponent.swift */,
				1EA9344029489602008385AB /* CustomImageViewComponentContainer.swift */,
				1EA9343E29489602008385AB /* CustomImageViewComponentData.swift */,
			);
			path = CustomImageViewComponent;
			sourceTree = "<group>";
		};
		1EA9344C29489ED3008385AB /* ProductDetail */ = {
			isa = PBXGroup;
			children = (
				1EA9344D29489EE0008385AB /* ProductDetailViewController.swift */,
				1E78E46A2948AE5E0014630F /* ProductDetailBuilder.swift */,
				1EA934572948A8B6008385AB /* ProductDetailViewController.xib */,
				1EA934552948A86A008385AB /* ProductDetailViewModel.swift */,
			);
			path = ProductDetail;
			sourceTree = "<group>";
		};
		1EA9344F29489F04008385AB /* TableViewHeader */ = {
			isa = PBXGroup;
			children = (
				1EA9345029489F11008385AB /* TableViewHeaderView.swift */,
			);
			path = TableViewHeader;
			sourceTree = "<group>";
		};
		1EA934522948A243008385AB /* TableViewFooter */ = {
			isa = PBXGroup;
			children = (
				1EA934532948A252008385AB /* TableViewFooter.swift */,
			);
			path = TableViewFooter;
			sourceTree = "<group>";
		};
/* End PBXGroup section */

/* Begin PBXNativeTarget section */
		1E410C35294866D10007B4ED /* Check24CodeCase */ = {
			isa = PBXNativeTarget;
			buildConfigurationList = 1E410C4A294866D20007B4ED /* Build configuration list for PBXNativeTarget "Check24CodeCase" */;
			buildPhases = (
				1E410C32294866D10007B4ED /* Sources */,
				1E410C33294866D10007B4ED /* Frameworks */,
				1E410C34294866D10007B4ED /* Resources */,
			);
			buildRules = (
			);
			dependencies = (
			);
			name = Check24CodeCase;
			packageProductDependencies = (
				1EA9340E29486BF9008385AB /* DefaultNetworkOperationPackage */,
				1EA9343B2948949F008385AB /* Kingfisher */,
				1EA9344A29489685008385AB /* BaseComponents */,
			);
			productName = Check24CodeCase;
			productReference = 1E410C36294866D10007B4ED /* Check24CodeCase.app */;
			productType = "com.apple.product-type.application";
		};
/* End PBXNativeTarget section */

/* Begin PBXProject section */
		1E410C2E294866D10007B4ED /* Project object */ = {
			isa = PBXProject;
			attributes = {
				BuildIndependentTargetsInParallel = 1;
				LastSwiftUpdateCheck = 1410;
				LastUpgradeCheck = 1410;
				TargetAttributes = {
					1E410C35294866D10007B4ED = {
						CreatedOnToolsVersion = 14.1;
					};
				};
			};
			buildConfigurationList = 1E410C31294866D10007B4ED /* Build configuration list for PBXProject "Check24CodeCase" */;
			compatibilityVersion = "Xcode 14.0";
			developmentRegion = en;
			hasScannedForEncodings = 0;
			knownRegions = (
				en,
				Base,
			);
			mainGroup = 1E410C2D294866D10007B4ED;
			packageReferences = (
				1EA9343A2948949F008385AB /* XCRemoteSwiftPackageReference "Kingfisher" */,
			);
			productRefGroup = 1E410C37294866D10007B4ED /* Products */;
			projectDirPath = "";
			projectRoot = "";
			targets = (
				1E410C35294866D10007B4ED /* Check24CodeCase */,
			);
		};
/* End PBXProject section */

/* Begin PBXResourcesBuildPhase section */
		1E410C34294866D10007B4ED /* Resources */ = {
			isa = PBXResourcesBuildPhase;
			buildActionMask = 2147483647;
			files = (
				1E410C46294866D20007B4ED /* LaunchScreen.storyboard in Resources */,
				1EA9342E294876F7008385AB /* ProductListTableViewCell.xib in Resources */,
				1E410C5429486A3D0007B4ED /* ProductListViewController.xib in Resources */,
				1EA934582948A8B6008385AB /* ProductDetailViewController.xib in Resources */,
				1E410C43294866D20007B4ED /* Assets.xcassets in Resources */,
			);
			runOnlyForDeploymentPostprocessing = 0;
		};
/* End PBXResourcesBuildPhase section */

/* Begin PBXSourcesBuildPhase section */
		1E410C32294866D10007B4ED /* Sources */ = {
			isa = PBXSourcesBuildPhase;
			buildActionMask = 2147483647;
			files = (
				1EE352A72948B6FF004C56CD /* Date+Extension.swift in Sources */,
				1E78E46B2948AE5E0014630F /* ProductDetailBuilder.swift in Sources */,
				1EA9341B29486D61008385AB /* ProductListResponseModel.swift in Sources */,
				1E410C3E294866D10007B4ED /* ViewController.swift in Sources */,
				1EA93435294882DA008385AB /* ProductListDataFormatter.swift in Sources */,
				1EA9342029486E8D008385AB /* GenericValueProtocol.swift in Sources */,
				1EA9341929486D15008385AB /* EmptyRequestModel.swift in Sources */,
				1E410C3A294866D10007B4ED /* AppDelegate.swift in Sources */,
				1EA934302948770C008385AB /* ProductListTableViewCell.swift in Sources */,
				1EA9345129489F11008385AB /* TableViewHeaderView.swift in Sources */,
				1EA9344229489602008385AB /* CustomImageViewComponent.swift in Sources */,
				1EA9341E29486E76008385AB /* EndpointManager.swift in Sources */,
				1EA9342829487108008385AB /* ProductListBuilder.swift in Sources */,
				1EA934322948812B008385AB /* UITableView+Extensions.swift in Sources */,
				1EA9342529486F0D008385AB /* ProductListViewModel.swift in Sources */,
				1EA9341529486CD6008385AB /* ProductListServiceProvider.swift in Sources */,
				1EA934542948A252008385AB /* TableViewFooter.swift in Sources */,
				1E410C52294868980007B4ED /* ProductListViewController.swift in Sources */,
				1EA9344729489622008385AB /* ImageCacheManager.swift in Sources */,
				1EA934562948A86A008385AB /* ProductDetailViewModel.swift in Sources */,
				1EA9343829488ABC008385AB /* String+Extension.swift in Sources */,
				1EE352A92948B7A2004C56CD /* Int+Extension.swift in Sources */,
				1E410C3C294866D10007B4ED /* SceneDelegate.swift in Sources */,
				1EA9344E29489EE0008385AB /* ProductDetailViewController.swift in Sources */,
				1EA9344129489602008385AB /* CustomImageViewComponentData.swift in Sources */,
				1EA9344329489602008385AB /* CustomImageViewComponentContainer.swift in Sources */,
			);
			runOnlyForDeploymentPostprocessing = 0;
		};
/* End PBXSourcesBuildPhase section */

/* Begin PBXVariantGroup section */
		1E410C44294866D20007B4ED /* LaunchScreen.storyboard */ = {
			isa = PBXVariantGroup;
			children = (
				1E410C45294866D20007B4ED /* Base */,
			);
			name = LaunchScreen.storyboard;
			sourceTree = "<group>";
		};
/* End PBXVariantGroup section */

/* Begin XCBuildConfiguration section */
		1E410C48294866D20007B4ED /* Debug */ = {
			isa = XCBuildConfiguration;
			buildSettings = {
				ALWAYS_SEARCH_USER_PATHS = NO;
				CLANG_ANALYZER_NONNULL = YES;
				CLANG_ANALYZER_NUMBER_OBJECT_CONVERSION = YES_AGGRESSIVE;
				CLANG_CXX_LANGUAGE_STANDARD = "gnu++20";
				CLANG_ENABLE_MODULES = YES;
				CLANG_ENABLE_OBJC_ARC = YES;
				CLANG_ENABLE_OBJC_WEAK = YES;
				CLANG_WARN_BLOCK_CAPTURE_AUTORELEASING = YES;
				CLANG_WARN_BOOL_CONVERSION = YES;
				CLANG_WARN_COMMA = YES;
				CLANG_WARN_CONSTANT_CONVERSION = YES;
				CLANG_WARN_DEPRECATED_OBJC_IMPLEMENTATIONS = YES;
				CLANG_WARN_DIRECT_OBJC_ISA_USAGE = YES_ERROR;
				CLANG_WARN_DOCUMENTATION_COMMENTS = YES;
				CLANG_WARN_EMPTY_BODY = YES;
				CLANG_WARN_ENUM_CONVERSION = YES;
				CLANG_WARN_INFINITE_RECURSION = YES;
				CLANG_WARN_INT_CONVERSION = YES;
				CLANG_WARN_NON_LITERAL_NULL_CONVERSION = YES;
				CLANG_WARN_OBJC_IMPLICIT_RETAIN_SELF = YES;
				CLANG_WARN_OBJC_LITERAL_CONVERSION = YES;
				CLANG_WARN_OBJC_ROOT_CLASS = YES_ERROR;
				CLANG_WARN_QUOTED_INCLUDE_IN_FRAMEWORK_HEADER = YES;
				CLANG_WARN_RANGE_LOOP_ANALYSIS = YES;
				CLANG_WARN_STRICT_PROTOTYPES = YES;
				CLANG_WARN_SUSPICIOUS_MOVE = YES;
				CLANG_WARN_UNGUARDED_AVAILABILITY = YES_AGGRESSIVE;
				CLANG_WARN_UNREACHABLE_CODE = YES;
				CLANG_WARN__DUPLICATE_METHOD_MATCH = YES;
				COPY_PHASE_STRIP = NO;
				DEBUG_INFORMATION_FORMAT = dwarf;
				ENABLE_STRICT_OBJC_MSGSEND = YES;
				ENABLE_TESTABILITY = YES;
				GCC_C_LANGUAGE_STANDARD = gnu11;
				GCC_DYNAMIC_NO_PIC = NO;
				GCC_NO_COMMON_BLOCKS = YES;
				GCC_OPTIMIZATION_LEVEL = 0;
				GCC_PREPROCESSOR_DEFINITIONS = (
					"DEBUG=1",
					"$(inherited)",
				);
				GCC_WARN_64_TO_32_BIT_CONVERSION = YES;
				GCC_WARN_ABOUT_RETURN_TYPE = YES_ERROR;
				GCC_WARN_UNDECLARED_SELECTOR = YES;
				GCC_WARN_UNINITIALIZED_AUTOS = YES_AGGRESSIVE;
				GCC_WARN_UNUSED_FUNCTION = YES;
				GCC_WARN_UNUSED_VARIABLE = YES;
				IPHONEOS_DEPLOYMENT_TARGET = 16.1;
				MTL_ENABLE_DEBUG_INFO = INCLUDE_SOURCE;
				MTL_FAST_MATH = YES;
				ONLY_ACTIVE_ARCH = YES;
				SDKROOT = iphoneos;
				SWIFT_ACTIVE_COMPILATION_CONDITIONS = DEBUG;
				SWIFT_OPTIMIZATION_LEVEL = "-Onone";
			};
			name = Debug;
		};
		1E410C49294866D20007B4ED /* Release */ = {
			isa = XCBuildConfiguration;
			buildSettings = {
				ALWAYS_SEARCH_USER_PATHS = NO;
				CLANG_ANALYZER_NONNULL = YES;
				CLANG_ANALYZER_NUMBER_OBJECT_CONVERSION = YES_AGGRESSIVE;
				CLANG_CXX_LANGUAGE_STANDARD = "gnu++20";
				CLANG_ENABLE_MODULES = YES;
				CLANG_ENABLE_OBJC_ARC = YES;
				CLANG_ENABLE_OBJC_WEAK = YES;
				CLANG_WARN_BLOCK_CAPTURE_AUTORELEASING = YES;
				CLANG_WARN_BOOL_CONVERSION = YES;
				CLANG_WARN_COMMA = YES;
				CLANG_WARN_CONSTANT_CONVERSION = YES;
				CLANG_WARN_DEPRECATED_OBJC_IMPLEMENTATIONS = YES;
				CLANG_WARN_DIRECT_OBJC_ISA_USAGE = YES_ERROR;
				CLANG_WARN_DOCUMENTATION_COMMENTS = YES;
				CLANG_WARN_EMPTY_BODY = YES;
				CLANG_WARN_ENUM_CONVERSION = YES;
				CLANG_WARN_INFINITE_RECURSION = YES;
				CLANG_WARN_INT_CONVERSION = YES;
				CLANG_WARN_NON_LITERAL_NULL_CONVERSION = YES;
				CLANG_WARN_OBJC_IMPLICIT_RETAIN_SELF = YES;
				CLANG_WARN_OBJC_LITERAL_CONVERSION = YES;
				CLANG_WARN_OBJC_ROOT_CLASS = YES_ERROR;
				CLANG_WARN_QUOTED_INCLUDE_IN_FRAMEWORK_HEADER = YES;
				CLANG_WARN_RANGE_LOOP_ANALYSIS = YES;
				CLANG_WARN_STRICT_PROTOTYPES = YES;
				CLANG_WARN_SUSPICIOUS_MOVE = YES;
				CLANG_WARN_UNGUARDED_AVAILABILITY = YES_AGGRESSIVE;
				CLANG_WARN_UNREACHABLE_CODE = YES;
				CLANG_WARN__DUPLICATE_METHOD_MATCH = YES;
				COPY_PHASE_STRIP = NO;
				DEBUG_INFORMATION_FORMAT = "dwarf-with-dsym";
				ENABLE_NS_ASSERTIONS = NO;
				ENABLE_STRICT_OBJC_MSGSEND = YES;
				GCC_C_LANGUAGE_STANDARD = gnu11;
				GCC_NO_COMMON_BLOCKS = YES;
				GCC_WARN_64_TO_32_BIT_CONVERSION = YES;
				GCC_WARN_ABOUT_RETURN_TYPE = YES_ERROR;
				GCC_WARN_UNDECLARED_SELECTOR = YES;
				GCC_WARN_UNINITIALIZED_AUTOS = YES_AGGRESSIVE;
				GCC_WARN_UNUSED_FUNCTION = YES;
				GCC_WARN_UNUSED_VARIABLE = YES;
				IPHONEOS_DEPLOYMENT_TARGET = 16.1;
				MTL_ENABLE_DEBUG_INFO = NO;
				MTL_FAST_MATH = YES;
				SDKROOT = iphoneos;
				SWIFT_COMPILATION_MODE = wholemodule;
				SWIFT_OPTIMIZATION_LEVEL = "-O";
				VALIDATE_PRODUCT = YES;
			};
			name = Release;
		};
		1E410C4B294866D20007B4ED /* Debug */ = {
			isa = XCBuildConfiguration;
			buildSettings = {
				ASSETCATALOG_COMPILER_APPICON_NAME = AppIcon;
				ASSETCATALOG_COMPILER_GLOBAL_ACCENT_COLOR_NAME = AccentColor;
				CODE_SIGN_STYLE = Automatic;
				CURRENT_PROJECT_VERSION = 1;
				DEVELOPMENT_TEAM = 7LSPRM5R8H;
				GENERATE_INFOPLIST_FILE = YES;
				INFOPLIST_FILE = Check24CodeCase/Info.plist;
				INFOPLIST_KEY_UIApplicationSupportsIndirectInputEvents = YES;
				INFOPLIST_KEY_UILaunchStoryboardName = LaunchScreen;
				INFOPLIST_KEY_UISupportedInterfaceOrientations_iPad = "UIInterfaceOrientationPortrait UIInterfaceOrientationPortraitUpsideDown UIInterfaceOrientationLandscapeLeft UIInterfaceOrientationLandscapeRight";
				INFOPLIST_KEY_UISupportedInterfaceOrientations_iPhone = "UIInterfaceOrientationPortrait UIInterfaceOrientationLandscapeLeft UIInterfaceOrientationLandscapeRight";
				IPHONEOS_DEPLOYMENT_TARGET = 15.0;
				LD_RUNPATH_SEARCH_PATHS = (
					"$(inherited)",
					"@executable_path/Frameworks",
				);
				MARKETING_VERSION = 1.0;
				PRODUCT_BUNDLE_IDENTIFIER = com.dogukaank.Check24CodeCase;
				PRODUCT_NAME = "$(TARGET_NAME)";
				SWIFT_EMIT_LOC_STRINGS = YES;
				SWIFT_VERSION = 5.0;
				TARGETED_DEVICE_FAMILY = "1,2";
			};
			name = Debug;
		};
		1E410C4C294866D20007B4ED /* Release */ = {
			isa = XCBuildConfiguration;
			buildSettings = {
				ASSETCATALOG_COMPILER_APPICON_NAME = AppIcon;
				ASSETCATALOG_COMPILER_GLOBAL_ACCENT_COLOR_NAME = AccentColor;
				CODE_SIGN_STYLE = Automatic;
				CURRENT_PROJECT_VERSION = 1;
				DEVELOPMENT_TEAM = 7LSPRM5R8H;
				GENERATE_INFOPLIST_FILE = YES;
				INFOPLIST_FILE = Check24CodeCase/Info.plist;
				INFOPLIST_KEY_UIApplicationSupportsIndirectInputEvents = YES;
				INFOPLIST_KEY_UILaunchStoryboardName = LaunchScreen;
				INFOPLIST_KEY_UISupportedInterfaceOrientations_iPad = "UIInterfaceOrientationPortrait UIInterfaceOrientationPortraitUpsideDown UIInterfaceOrientationLandscapeLeft UIInterfaceOrientationLandscapeRight";
				INFOPLIST_KEY_UISupportedInterfaceOrientations_iPhone = "UIInterfaceOrientationPortrait UIInterfaceOrientationLandscapeLeft UIInterfaceOrientationLandscapeRight";
				IPHONEOS_DEPLOYMENT_TARGET = 15.0;
				LD_RUNPATH_SEARCH_PATHS = (
					"$(inherited)",
					"@executable_path/Frameworks",
				);
				MARKETING_VERSION = 1.0;
				PRODUCT_BUNDLE_IDENTIFIER = com.dogukaank.Check24CodeCase;
				PRODUCT_NAME = "$(TARGET_NAME)";
				SWIFT_EMIT_LOC_STRINGS = YES;
				SWIFT_VERSION = 5.0;
				TARGETED_DEVICE_FAMILY = "1,2";
			};
			name = Release;
		};
/* End XCBuildConfiguration section */

/* Begin XCConfigurationList section */
		1E410C31294866D10007B4ED /* Build configuration list for PBXProject "Check24CodeCase" */ = {
			isa = XCConfigurationList;
			buildConfigurations = (
				1E410C48294866D20007B4ED /* Debug */,
				1E410C49294866D20007B4ED /* Release */,
			);
			defaultConfigurationIsVisible = 0;
			defaultConfigurationName = Release;
		};
		1E410C4A294866D20007B4ED /* Build configuration list for PBXNativeTarget "Check24CodeCase" */ = {
			isa = XCConfigurationList;
			buildConfigurations = (
				1E410C4B294866D20007B4ED /* Debug */,
				1E410C4C294866D20007B4ED /* Release */,
			);
			defaultConfigurationIsVisible = 0;
			defaultConfigurationName = Release;
		};
/* End XCConfigurationList section */

/* Begin XCRemoteSwiftPackageReference section */
		1EA9343A2948949F008385AB /* XCRemoteSwiftPackageReference "Kingfisher" */ = {
			isa = XCRemoteSwiftPackageReference;
			repositoryURL = "https://github.com/onevcat/Kingfisher.git";
			requirement = {
				kind = upToNextMajorVersion;
				minimumVersion = 7.0.0;
			};
		};
/* End XCRemoteSwiftPackageReference section */

/* Begin XCSwiftPackageProductDependency section */
		1EA9340E29486BF9008385AB /* DefaultNetworkOperationPackage */ = {
			isa = XCSwiftPackageProductDependency;
			productName = DefaultNetworkOperationPackage;
		};
		1EA9343B2948949F008385AB /* Kingfisher */ = {
			isa = XCSwiftPackageProductDependency;
			package = 1EA9343A2948949F008385AB /* XCRemoteSwiftPackageReference "Kingfisher" */;
			productName = Kingfisher;
		};
		1EA9344A29489685008385AB /* BaseComponents */ = {
			isa = XCSwiftPackageProductDependency;
			productName = BaseComponents;
		};
/* End XCSwiftPackageProductDependency section */
	};
	rootObject = 1E410C2E294866D10007B4ED /* Project object */;
}
